// !$*UTF8*$!
{
	archiveVersion = 1;
	classes = {
	};
	objectVersion = 50;
	objects = {

/* Begin PBXBuildFile section */
		DDF90F7220AA71D1000440F1 /* AppDelegate.swift in Sources */ = {isa = PBXBuildFile; fileRef = DDF90F7120AA71D1000440F1 /* AppDelegate.swift */; };
		DDF90F7720AA71D1000440F1 /* Main.storyboard in Resources */ = {isa = PBXBuildFile; fileRef = DDF90F7520AA71D1000440F1 /* Main.storyboard */; };
		DDF90F7920AA71D2000440F1 /* Assets.xcassets in Resources */ = {isa = PBXBuildFile; fileRef = DDF90F7820AA71D2000440F1 /* Assets.xcassets */; };
		DDF90F7C20AA71D2000440F1 /* LaunchScreen.storyboard in Resources */ = {isa = PBXBuildFile; fileRef = DDF90F7A20AA71D2000440F1 /* LaunchScreen.storyboard */; };
		DDF90F8620AA7C70000440F1 /* TodoListTableViewController.swift in Sources */ = {isa = PBXBuildFile; fileRef = DDF90F8520AA7C70000440F1 /* TodoListTableViewController.swift */; };
		DDF90F8B20AADBD7000440F1 /* Todo.swift in Sources */ = {isa = PBXBuildFile; fileRef = DDF90F8A20AADBD7000440F1 /* Todo.swift */; };
		DDF90F8D20AADCD3000440F1 /* TodoCollection.swift in Sources */ = {isa = PBXBuildFile; fileRef = DDF90F8C20AADCD3000440F1 /* TodoCollection.swift */; };
		DDF90F8F20AAE281000440F1 /* NewTodoViewController.swift in Sources */ = {isa = PBXBuildFile; fileRef = DDF90F8E20AAE281000440F1 /* NewTodoViewController.swift */; };
/* End PBXBuildFile section */

/* Begin PBXFileReference section */
		DDF90F6E20AA71D1000440F1 /* TodoApp.app */ = {isa = PBXFileReference; explicitFileType = wrapper.application; includeInIndex = 0; path = TodoApp.app; sourceTree = BUILT_PRODUCTS_DIR; };
		DDF90F7120AA71D1000440F1 /* AppDelegate.swift */ = {isa = PBXFileReference; lastKnownFileType = sourcecode.swift; path = AppDelegate.swift; sourceTree = "<group>"; };
		DDF90F7620AA71D1000440F1 /* Base */ = {isa = PBXFileReference; lastKnownFileType = file.storyboard; name = Base; path = Base.lproj/Main.storyboard; sourceTree = "<group>"; };
		DDF90F7820AA71D2000440F1 /* Assets.xcassets */ = {isa = PBXFileReference; lastKnownFileType = folder.assetcatalog; path = Assets.xcassets; sourceTree = "<group>"; };
		DDF90F7B20AA71D2000440F1 /* Base */ = {isa = PBXFileReference; lastKnownFileType = file.storyboard; name = Base; path = Base.lproj/LaunchScreen.storyboard; sourceTree = "<group>"; };
		DDF90F7D20AA71D2000440F1 /* Info.plist */ = {isa = PBXFileReference; lastKnownFileType = text.plist.xml; path = Info.plist; sourceTree = "<group>"; };
		DDF90F8520AA7C70000440F1 /* TodoListTableViewController.swift */ = {isa = PBXFileReference; lastKnownFileType = sourcecode.swift; path = TodoListTableViewController.swift; sourceTree = "<group>"; };
		DDF90F8A20AADBD7000440F1 /* Todo.swift */ = {isa = PBXFileReference; lastKnownFileType = sourcecode.swift; path = Todo.swift; sourceTree = "<group>"; };
		DDF90F8C20AADCD3000440F1 /* TodoCollection.swift */ = {isa = PBXFileReference; lastKnownFileType = sourcecode.swift; path = TodoCollection.swift; sourceTree = "<group>"; };
		DDF90F8E20AAE281000440F1 /* NewTodoViewController.swift */ = {isa = PBXFileReference; lastKnownFileType = sourcecode.swift; path = NewTodoViewController.swift; sourceTree = "<group>"; };
/* End PBXFileReference section */

/* Begin PBXFrameworksBuildPhase section */
		DDF90F6B20AA71D1000440F1 /* Frameworks */ = {
			isa = PBXFrameworksBuildPhase;
			buildActionMask = 2147483647;
			files = (
			);
			runOnlyForDeploymentPostprocessing = 0;
		};
/* End PBXFrameworksBuildPhase section */

/* Begin PBXGroup section */
		DDF90F6520AA71D1000440F1 = {
			isa = PBXGroup;
			children = (
				DDF90F7020AA71D1000440F1 /* TodoApp */,
				DDF90F6F20AA71D1000440F1 /* Products */,
			);
			sourceTree = "<group>";
		};
		DDF90F6F20AA71D1000440F1 /* Products */ = {
			isa = PBXGroup;
			children = (
				DDF90F6E20AA71D1000440F1 /* TodoApp.app */,
			);
			name = Products;
			sourceTree = "<group>";
		};
		DDF90F7020AA71D1000440F1 /* TodoApp */ = {
			isa = PBXGroup;
			children = (
				DDF90F8920AADB6B000440F1 /* Controller */,
				DDF90F8820AADB5F000440F1 /* View */,
				DDF90F8720AADB51000440F1 /* Model */,
				DDF90F7120AA71D1000440F1 /* AppDelegate.swift */,
				DDF90F7520AA71D1000440F1 /* Main.storyboard */,
				DDF90F7820AA71D2000440F1 /* Assets.xcassets */,
				DDF90F7A20AA71D2000440F1 /* LaunchScreen.storyboard */,
				DDF90F7D20AA71D2000440F1 /* Info.plist */,
			);
			path = TodoApp;
			sourceTree = "<group>";
		};
		DDF90F8720AADB51000440F1 /* Model */ = {
			isa = PBXGroup;
			children = (
				DDF90F8A20AADBD7000440F1 /* Todo.swift */,
				DDF90F8C20AADCD3000440F1 /* TodoCollection.swift */,
			);
			path = Model;
			sourceTree = "<group>";
		};
		DDF90F8820AADB5F000440F1 /* View */ = {
			isa = PBXGroup;
			children = (
			);
			path = View;
			sourceTree = "<group>";
		};
		DDF90F8920AADB6B000440F1 /* Controller */ = {
			isa = PBXGroup;
			children = (
				DDF90F8520AA7C70000440F1 /* TodoListTableViewController.swift */,
				DDF90F8E20AAE281000440F1 /* NewTodoViewController.swift */,
			);
			path = Controller;
			sourceTree = "<group>";
		};
/* End PBXGroup section */

/* Begin PBXNativeTarget section */
		DDF90F6D20AA71D1000440F1 /* TodoApp */ = {
			isa = PBXNativeTarget;
			buildConfigurationList = DDF90F8020AA71D2000440F1 /* Build configuration list for PBXNativeTarget "TodoApp" */;
			buildPhases = (
				DDF90F6A20AA71D1000440F1 /* Sources */,
				DDF90F6B20AA71D1000440F1 /* Frameworks */,
				DDF90F6C20AA71D1000440F1 /* Resources */,
			);
			buildRules = (
			);
			dependencies = (
			);
			name = TodoApp;
			productName = TodoApp;
			productReference = DDF90F6E20AA71D1000440F1 /* TodoApp.app */;
			productType = "com.apple.product-type.application";
		};
/* End PBXNativeTarget section */

/* Begin PBXProject section */
		DDF90F6620AA71D1000440F1 /* Project object */ = {
			isa = PBXProject;
			attributes = {
				LastSwiftUpdateCheck = 0930;
				LastUpgradeCheck = 0930;
				ORGANIZATIONNAME = "hatori kodai";
				TargetAttributes = {
					DDF90F6D20AA71D1000440F1 = {
						CreatedOnToolsVersion = 9.3.1;
					};
				};
			};
			buildConfigurationList = DDF90F6920AA71D1000440F1 /* Build configuration list for PBXProject "TodoApp" */;
			compatibilityVersion = "Xcode 9.3";
			developmentRegion = en;
			hasScannedForEncodings = 0;
			knownRegions = (
				en,
				Base,
			);
			mainGroup = DDF90F6520AA71D1000440F1;
			productRefGroup = DDF90F6F20AA71D1000440F1 /* Products */;
			projectDirPath = "";
			projectRoot = "";
			targets = (
				DDF90F6D20AA71D1000440F1 /* TodoApp */,
			);
		};
/* End PBXProject section */

/* Begin PBXResourcesBuildPhase section */
		DDF90F6C20AA71D1000440F1 /* Resources */ = {
			isa = PBXResourcesBuildPhase;
			buildActionMask = 2147483647;
			files = (
				DDF90F7C20AA71D2000440F1 /* LaunchScreen.storyboard in Resources */,
				DDF90F7920AA71D2000440F1 /* Assets.xcassets in Resources */,
				DDF90F7720AA71D1000440F1 /* Main.storyboard in Resources */,
			);
			runOnlyForDeploymentPostprocessing = 0;
		};
/* End PBXResourcesBuildPhase section */

/* Begin PBXSourcesBuildPhase section */
		DDF90F6A20AA71D1000440F1 /* Sources */ = {
			isa = PBXSourcesBuildPhase;
			buildActionMask = 2147483647;
			files = (
				DDF90F7220AA71D1000440F1 /* AppDelegate.swift in Sources */,
				DDF90F8D20AADCD3000440F1 /* TodoCollection.swift in Sources */,
				DDF90F8B20AADBD7000440F1 /* Todo.swift in Sources */,
				DDF90F8F20AAE281000440F1 /* NewTodoViewController.swift in Sources */,
				DDF90F8620AA7C70000440F1 /* TodoListTableViewController.swift in Sources */,
			);
			runOnlyForDeploymentPostprocessing = 0;
		};
/* End PBXSourcesBuildPhase section */

/* Begin PBXVariantGroup section */
		DDF90F7520AA71D1000440F1 /* Main.storyboard */ = {
			isa = PBXVariantGroup;
			children = (
				DDF90F7620AA71D1000440F1 /* Base */,
			);
			name = Main.storyboard;
			sourceTree = "<group>";
		};
		DDF90F7A20AA71D2000440F1 /* LaunchScreen.storyboard */ = {
			isa = PBXVariantGroup;
			children = (
				DDF90F7B20AA71D2000440F1 /* Base */,
			);
			name = LaunchScreen.storyboard;
			sourceTree = "<group>";
		};
/* End PBXVariantGroup section */

/* Begin XCBuildConfiguration section */
		DDF90F7E20AA71D2000440F1 /* Debug */ = {
			isa = XCBuildConfiguration;
			buildSettings = {
				ALWAYS_SEARCH_USER_PATHS = NO;
				CLANG_ANALYZER_NONNULL = YES;
				CLANG_ANALYZER_NUMBER_OBJECT_CONVERSION = YES_AGGRESSIVE;
				CLANG_CXX_LANGUAGE_STANDARD = "gnu++14";
				CLANG_CXX_LIBRARY = "libc++";
				CLANG_ENABLE_MODULES = YES;
				CLANG_ENABLE_OBJC_ARC = YES;
				CLANG_ENABLE_OBJC_WEAK = YES;
				CLANG_WARN_BLOCK_CAPTURE_AUTORELEASING = YES;
				CLANG_WARN_BOOL_CONVERSION = YES;
				CLANG_WARN_COMMA = YES;
				CLANG_WARN_CONSTANT_CONVERSION = YES;
				CLANG_WARN_DEPRECATED_OBJC_IMPLEMENTATIONS = YES;
				CLANG_WARN_DIRECT_OBJC_ISA_USAGE = YES_ERROR;
				CLANG_WARN_DOCUMENTATION_COMMENTS = YES;
				CLANG_WARN_EMPTY_BODY = YES;
				CLANG_WARN_ENUM_CONVERSION = YES;
				CLANG_WARN_INFINITE_RECURSION = YES;
				CLANG_WARN_INT_CONVERSION = YES;
				CLANG_WARN_NON_LITERAL_NULL_CONVERSION = YES;
				CLANG_WARN_OBJC_IMPLICIT_RETAIN_SELF = YES;
				CLANG_WARN_OBJC_LITERAL_CONVERSION = YES;
				CLANG_WARN_OBJC_ROOT_CLASS = YES_ERROR;
				CLANG_WARN_RANGE_LOOP_ANALYSIS = YES;
				CLANG_WARN_STRICT_PROTOTYPES = YES;
				CLANG_WARN_SUSPICIOUS_MOVE = YES;
				CLANG_WARN_UNGUARDED_AVAILABILITY = YES_AGGRESSIVE;
				CLANG_WARN_UNREACHABLE_CODE = YES;
				CLANG_WARN__DUPLICATE_METHOD_MATCH = YES;
				CODE_SIGN_IDENTITY = "iPhone Developer";
				COPY_PHASE_STRIP = NO;
				DEBUG_INFORMATION_FORMAT = dwarf;
				ENABLE_STRICT_OBJC_MSGSEND = YES;
				ENABLE_TESTABILITY = YES;
				GCC_C_LANGUAGE_STANDARD = gnu11;
				GCC_DYNAMIC_NO_PIC = NO;
				GCC_NO_COMMON_BLOCKS = YES;
				GCC_OPTIMIZATION_LEVEL = 0;
				GCC_PREPROCESSOR_DEFINITIONS = (
					"DEBUG=1",
					"$(inherited)",
				);
				GCC_WARN_64_TO_32_BIT_CONVERSION = YES;
				GCC_WARN_ABOUT_RETURN_TYPE = YES_ERROR;
				GCC_WARN_UNDECLARED_SELECTOR = YES;
				GCC_WARN_UNINITIALIZED_AUTOS = YES_AGGRESSIVE;
				GCC_WARN_UNUSED_FUNCTION = YES;
				GCC_WARN_UNUSED_VARIABLE = YES;
				IPHONEOS_DEPLOYMENT_TARGET = 11.3;
				MTL_ENABLE_DEBUG_INFO = YES;
				ONLY_ACTIVE_ARCH = YES;
				SDKROOT = iphoneos;
				SWIFT_ACTIVE_COMPILATION_CONDITIONS = DEBUG;
				SWIFT_OPTIMIZATION_LEVEL = "-Onone";
			};
			name = Debug;
		};
		DDF90F7F20AA71D2000440F1 /* Release */ = {
			isa = XCBuildConfiguration;
			buildSettings = {
				ALWAYS_SEARCH_USER_PATHS = NO;
				CLANG_ANALYZER_NONNULL = YES;
				CLANG_ANALYZER_NUMBER_OBJECT_CONVERSION = YES_AGGRESSIVE;
				CLANG_CXX_LANGUAGE_STANDARD = "gnu++14";
				CLANG_CXX_LIBRARY = "libc++";
				CLANG_ENABLE_MODULES = YES;
				CLANG_ENABLE_OBJC_ARC = YES;
				CLANG_ENABLE_OBJC_WEAK = YES;
				CLANG_WARN_BLOCK_CAPTURE_AUTORELEASING = YES;
				CLANG_WARN_BOOL_CONVERSION = YES;
				CLANG_WARN_COMMA = YES;
				CLANG_WARN_CONSTANT_CONVERSION = YES;
				CLANG_WARN_DEPRECATED_OBJC_IMPLEMENTATIONS = YES;
				CLANG_WARN_DIRECT_OBJC_ISA_USAGE = YES_ERROR;
				CLANG_WARN_DOCUMENTATION_COMMENTS = YES;
				CLANG_WARN_EMPTY_BODY = YES;
				CLANG_WARN_ENUM_CONVERSION = YES;
				CLANG_WARN_INFINITE_RECURSION = YES;
				CLANG_WARN_INT_CONVERSION = YES;
				CLANG_WARN_NON_LITERAL_NULL_CONVERSION = YES;
				CLANG_WARN_OBJC_IMPLICIT_RETAIN_SELF = YES;
				CLANG_WARN_OBJC_LITERAL_CONVERSION = YES;
				CLANG_WARN_OBJC_ROOT_CLASS = YES_ERROR;
				CLANG_WARN_RANGE_LOOP_ANALYSIS = YES;
				CLANG_WARN_STRICT_PROTOTYPES = YES;
				CLANG_WARN_SUSPICIOUS_MOVE = YES;
				CLANG_WARN_UNGUARDED_AVAILABILITY = YES_AGGRESSIVE;
				CLANG_WARN_UNREACHABLE_CODE = YES;
				CLANG_WARN__DUPLICATE_METHOD_MATCH = YES;
				CODE_SIGN_IDENTITY = "iPhone Developer";
				COPY_PHASE_STRIP = NO;
				DEBUG_INFORMATION_FORMAT = "dwarf-with-dsym";
				ENABLE_NS_ASSERTIONS = NO;
				ENABLE_STRICT_OBJC_MSGSEND = YES;
				GCC_C_LANGUAGE_STANDARD = gnu11;
				GCC_NO_COMMON_BLOCKS = YES;
				GCC_WARN_64_TO_32_BIT_CONVERSION = YES;
				GCC_WARN_ABOUT_RETURN_TYPE = YES_ERROR;
				GCC_WARN_UNDECLARED_SELECTOR = YES;
				GCC_WARN_UNINITIALIZED_AUTOS = YES_AGGRESSIVE;
				GCC_WARN_UNUSED_FUNCTION = YES;
				GCC_WARN_UNUSED_VARIABLE = YES;
				IPHONEOS_DEPLOYMENT_TARGET = 11.3;
				MTL_ENABLE_DEBUG_INFO = NO;
				SDKROOT = iphoneos;
				SWIFT_COMPILATION_MODE = wholemodule;
				SWIFT_OPTIMIZATION_LEVEL = "-O";
				VALIDATE_PRODUCT = YES;
			};
			name = Release;
		};
		DDF90F8120AA71D2000440F1 /* Debug */ = {
			isa = XCBuildConfiguration;
			buildSettings = {
				ASSETCATALOG_COMPILER_APPICON_NAME = AppIcon;
				CODE_SIGN_STYLE = Automatic;
				INFOPLIST_FILE = TodoApp/Info.plist;
				LD_RUNPATH_SEARCH_PATHS = (
					"$(inherited)",
					"@executable_path/Frameworks",
				);
				PRODUCT_BUNDLE_IDENTIFIER = com.hatori.TodoApp;
				PRODUCT_NAME = "$(TARGET_NAME)";
				SWIFT_VERSION = 4.0;
				TARGETED_DEVICE_FAMILY = "1,2";
			};
			name = Debug;
		};
		DDF90F8220AA71D2000440F1 /* Release */ = {
			isa = XCBuildConfiguration;
			buildSettings = {
				ASSETCATALOG_COMPILER_APPICON_NAME = AppIcon;
				CODE_SIGN_STYLE = Automatic;
				INFOPLIST_FILE = TodoApp/Info.plist;
				LD_RUNPATH_SEARCH_PATHS = (
					"$(inherited)",
					"@executable_path/Frameworks",
				);
				PRODUCT_BUNDLE_IDENTIFIER = com.hatori.TodoApp;
				PRODUCT_NAME = "$(TARGET_NAME)";
				SWIFT_VERSION = 4.0;
				TARGETED_DEVICE_FAMILY = "1,2";
			};
			name = Release;
		};
/* End XCBuildConfiguration section */

/* Begin XCConfigurationList section */
		DDF90F6920AA71D1000440F1 /* Build configuration list for PBXProject "TodoApp" */ = {
			isa = XCConfigurationList;
			buildConfigurations = (
				DDF90F7E20AA71D2000440F1 /* Debug */,
				DDF90F7F20AA71D2000440F1 /* Release */,
			);
			defaultConfigurationIsVisible = 0;
			defaultConfigurationName = Release;
		};
		DDF90F8020AA71D2000440F1 /* Build configuration list for PBXNativeTarget "TodoApp" */ = {
			isa = XCConfigurationList;
			buildConfigurations = (
				DDF90F8120AA71D2000440F1 /* Debug */,
				DDF90F8220AA71D2000440F1 /* Release */,
			);
			defaultConfigurationIsVisible = 0;
			defaultConfigurationName = Release;
		};
/* End XCConfigurationList section */
	};
	rootObject = DDF90F6620AA71D1000440F1 /* Project object */;
}
